// !$*UTF8*$!
{
	archiveVersion = 1;
	classes = {
	};
	objectVersion = 46;
	objects = {

/* Begin PBXBuildFile section */
		C03D63DA188513D5003DBA30 /* Foundation.framework in Frameworks */ = {isa = PBXBuildFile; fileRef = C03D63D9188513D5003DBA30 /* Foundation.framework */; };
		C03D63DC188513D5003DBA30 /* CoreGraphics.framework in Frameworks */ = {isa = PBXBuildFile; fileRef = C03D63DB188513D5003DBA30 /* CoreGraphics.framework */; };
		C03D63DE188513D5003DBA30 /* UIKit.framework in Frameworks */ = {isa = PBXBuildFile; fileRef = C03D63DD188513D5003DBA30 /* UIKit.framework */; };
		C03D63E4188513D5003DBA30 /* InfoPlist.strings in Resources */ = {isa = PBXBuildFile; fileRef = C03D63E2188513D5003DBA30 /* InfoPlist.strings */; };
		C03D63E6188513D5003DBA30 /* main.m in Sources */ = {isa = PBXBuildFile; fileRef = C03D63E5188513D5003DBA30 /* main.m */; };
		C03D63EA188513D5003DBA30 /* AppDelegate.m in Sources */ = {isa = PBXBuildFile; fileRef = C03D63E9188513D5003DBA30 /* AppDelegate.m */; };
		C03D63ED188513D5003DBA30 /* Main.storyboard in Resources */ = {isa = PBXBuildFile; fileRef = C03D63EB188513D5003DBA30 /* Main.storyboard */; };
		C03D63F0188513D5003DBA30 /* ViewController.m in Sources */ = {isa = PBXBuildFile; fileRef = C03D63EF188513D5003DBA30 /* ViewController.m */; };
		C03D63F2188513D5003DBA30 /* Images.xcassets in Resources */ = {isa = PBXBuildFile; fileRef = C03D63F1188513D5003DBA30 /* Images.xcassets */; };
		C03D63F9188513D5003DBA30 /* XCTest.framework in Frameworks */ = {isa = PBXBuildFile; fileRef = C03D63F8188513D5003DBA30 /* XCTest.framework */; };
		C03D63FA188513D5003DBA30 /* Foundation.framework in Frameworks */ = {isa = PBXBuildFile; fileRef = C03D63D9188513D5003DBA30 /* Foundation.framework */; };
		C03D63FB188513D5003DBA30 /* UIKit.framework in Frameworks */ = {isa = PBXBuildFile; fileRef = C03D63DD188513D5003DBA30 /* UIKit.framework */; };
		C03D6403188513D5003DBA30 /* InfoPlist.strings in Resources */ = {isa = PBXBuildFile; fileRef = C03D6401188513D5003DBA30 /* InfoPlist.strings */; };
		C03D6405188513D5003DBA30 /* YardToMeterTests.m in Sources */ = {isa = PBXBuildFile; fileRef = C03D6404188513D5003DBA30 /* YardToMeterTests.m */; };
		C03D6412188516F2003DBA30 /* SVProgressHUD.bundle in Resources */ = {isa = PBXBuildFile; fileRef = C03D640F188516F2003DBA30 /* SVProgressHUD.bundle */; };
		C03D6413188516F2003DBA30 /* SVProgressHUD.m in Sources */ = {isa = PBXBuildFile; fileRef = C03D6411188516F2003DBA30 /* SVProgressHUD.m */; };
		C03D641D18851FDA003DBA30 /* JVFloatLabeledTextField.m in Sources */ = {isa = PBXBuildFile; fileRef = C03D641C18851FDA003DBA30 /* JVFloatLabeledTextField.m */; };
		C069CC36188918B5004EE0B1 /* SecondViewController.m in Sources */ = {isa = PBXBuildFile; fileRef = C069CC35188918B5004EE0B1 /* SecondViewController.m */; };
		C0C5C561188624F900553B81 /* Localizable.strings in Resources */ = {isa = PBXBuildFile; fileRef = C0C5C563188624F900553B81 /* Localizable.strings */; };
/* End PBXBuildFile section */

/* Begin PBXContainerItemProxy section */
		C03D63FC188513D5003DBA30 /* PBXContainerItemProxy */ = {
			isa = PBXContainerItemProxy;
			containerPortal = C03D63CE188513D5003DBA30 /* Project object */;
			proxyType = 1;
			remoteGlobalIDString = C03D63D5188513D5003DBA30;
			remoteInfo = YardToMeter;
		};
/* End PBXContainerItemProxy section */

/* Begin PBXFileReference section */
		C03D63D6188513D5003DBA30 /* YardToMeter.app */ = {isa = PBXFileReference; explicitFileType = wrapper.application; includeInIndex = 0; path = YardToMeter.app; sourceTree = BUILT_PRODUCTS_DIR; };
		C03D63D9188513D5003DBA30 /* Foundation.framework */ = {isa = PBXFileReference; lastKnownFileType = wrapper.framework; name = Foundation.framework; path = System/Library/Frameworks/Foundation.framework; sourceTree = SDKROOT; };
		C03D63DB188513D5003DBA30 /* CoreGraphics.framework */ = {isa = PBXFileReference; lastKnownFileType = wrapper.framework; name = CoreGraphics.framework; path = System/Library/Frameworks/CoreGraphics.framework; sourceTree = SDKROOT; };
		C03D63DD188513D5003DBA30 /* UIKit.framework */ = {isa = PBXFileReference; lastKnownFileType = wrapper.framework; name = UIKit.framework; path = System/Library/Frameworks/UIKit.framework; sourceTree = SDKROOT; };
		C03D63E1188513D5003DBA30 /* YardToMeter-Info.plist */ = {isa = PBXFileReference; lastKnownFileType = text.plist.xml; path = "YardToMeter-Info.plist"; sourceTree = "<group>"; };
		C03D63E3188513D5003DBA30 /* en */ = {isa = PBXFileReference; lastKnownFileType = text.plist.strings; name = en; path = en.lproj/InfoPlist.strings; sourceTree = "<group>"; };
		C03D63E5188513D5003DBA30 /* main.m */ = {isa = PBXFileReference; lastKnownFileType = sourcecode.c.objc; path = main.m; sourceTree = "<group>"; };
		C03D63E7188513D5003DBA30 /* YardToMeter-Prefix.pch */ = {isa = PBXFileReference; lastKnownFileType = sourcecode.c.h; path = "YardToMeter-Prefix.pch"; sourceTree = "<group>"; };
		C03D63E8188513D5003DBA30 /* AppDelegate.h */ = {isa = PBXFileReference; lastKnownFileType = sourcecode.c.h; path = AppDelegate.h; sourceTree = "<group>"; };
		C03D63E9188513D5003DBA30 /* AppDelegate.m */ = {isa = PBXFileReference; lastKnownFileType = sourcecode.c.objc; path = AppDelegate.m; sourceTree = "<group>"; };
		C03D63EC188513D5003DBA30 /* Base */ = {isa = PBXFileReference; lastKnownFileType = file.storyboard; name = Base; path = Base.lproj/Main.storyboard; sourceTree = "<group>"; };
		C03D63EE188513D5003DBA30 /* ViewController.h */ = {isa = PBXFileReference; lastKnownFileType = sourcecode.c.h; path = ViewController.h; sourceTree = "<group>"; };
		C03D63EF188513D5003DBA30 /* ViewController.m */ = {isa = PBXFileReference; lastKnownFileType = sourcecode.c.objc; path = ViewController.m; sourceTree = "<group>"; };
		C03D63F1188513D5003DBA30 /* Images.xcassets */ = {isa = PBXFileReference; lastKnownFileType = folder.assetcatalog; path = Images.xcassets; sourceTree = "<group>"; };
		C03D63F7188513D5003DBA30 /* YardToMeterTests.xctest */ = {isa = PBXFileReference; explicitFileType = wrapper.cfbundle; includeInIndex = 0; path = YardToMeterTests.xctest; sourceTree = BUILT_PRODUCTS_DIR; };
		C03D63F8188513D5003DBA30 /* XCTest.framework */ = {isa = PBXFileReference; lastKnownFileType = wrapper.framework; name = XCTest.framework; path = Library/Frameworks/XCTest.framework; sourceTree = DEVELOPER_DIR; };
		C03D6400188513D5003DBA30 /* YardToMeterTests-Info.plist */ = {isa = PBXFileReference; lastKnownFileType = text.plist.xml; path = "YardToMeterTests-Info.plist"; sourceTree = "<group>"; };
		C03D6402188513D5003DBA30 /* en */ = {isa = PBXFileReference; lastKnownFileType = text.plist.strings; name = en; path = en.lproj/InfoPlist.strings; sourceTree = "<group>"; };
		C03D6404188513D5003DBA30 /* YardToMeterTests.m */ = {isa = PBXFileReference; lastKnownFileType = sourcecode.c.objc; path = YardToMeterTests.m; sourceTree = "<group>"; };
		C03D640F188516F2003DBA30 /* SVProgressHUD.bundle */ = {isa = PBXFileReference; lastKnownFileType = "wrapper.plug-in"; path = SVProgressHUD.bundle; sourceTree = "<group>"; };
		C03D6410188516F2003DBA30 /* SVProgressHUD.h */ = {isa = PBXFileReference; fileEncoding = 4; lastKnownFileType = sourcecode.c.h; path = SVProgressHUD.h; sourceTree = "<group>"; };
		C03D6411188516F2003DBA30 /* SVProgressHUD.m */ = {isa = PBXFileReference; fileEncoding = 4; lastKnownFileType = sourcecode.c.objc; path = SVProgressHUD.m; sourceTree = "<group>"; };
		C03D641B18851FDA003DBA30 /* JVFloatLabeledTextField.h */ = {isa = PBXFileReference; fileEncoding = 4; lastKnownFileType = sourcecode.c.h; path = JVFloatLabeledTextField.h; sourceTree = "<group>"; };
		C03D641C18851FDA003DBA30 /* JVFloatLabeledTextField.m */ = {isa = PBXFileReference; fileEncoding = 4; lastKnownFileType = sourcecode.c.objc; path = JVFloatLabeledTextField.m; sourceTree = "<group>"; };
		C069CC34188918B5004EE0B1 /* SecondViewController.h */ = {isa = PBXFileReference; fileEncoding = 4; lastKnownFileType = sourcecode.c.h; path = SecondViewController.h; sourceTree = "<group>"; };
		C069CC35188918B5004EE0B1 /* SecondViewController.m */ = {isa = PBXFileReference; fileEncoding = 4; lastKnownFileType = sourcecode.c.objc; path = SecondViewController.m; sourceTree = "<group>"; };
		C0C5C562188624F900553B81 /* Base */ = {isa = PBXFileReference; lastKnownFileType = text.plist.strings; name = Base; path = Base.lproj/Localizable.strings; sourceTree = "<group>"; };
		C0C5C564188624FE00553B81 /* en */ = {isa = PBXFileReference; lastKnownFileType = text.plist.strings; name = en; path = en.lproj/Localizable.strings; sourceTree = "<group>"; };
		C0C5C5651886251B00553B81 /* ja */ = {isa = PBXFileReference; lastKnownFileType = text.plist.strings; name = ja; path = ja.lproj/Localizable.strings; sourceTree = "<group>"; };
		C0C5C5661886251B00553B81 /* ja */ = {isa = PBXFileReference; lastKnownFileType = text.plist.strings; name = ja; path = ja.lproj/InfoPlist.strings; sourceTree = "<group>"; };
		C0C5C5671886251B00553B81 /* ja */ = {isa = PBXFileReference; lastKnownFileType = text.plist.strings; name = ja; path = ja.lproj/InfoPlist.strings; sourceTree = "<group>"; };
		C0C5C56818862B4400553B81 /* ko */ = {isa = PBXFileReference; lastKnownFileType = text.plist.strings; name = ko; path = ko.lproj/Localizable.strings; sourceTree = "<group>"; };
		C0C5C56918862B4400553B81 /* ko */ = {isa = PBXFileReference; lastKnownFileType = text.plist.strings; name = ko; path = ko.lproj/InfoPlist.strings; sourceTree = "<group>"; };
		C0C5C56A18862B4400553B81 /* ko */ = {isa = PBXFileReference; lastKnownFileType = text.plist.strings; name = ko; path = ko.lproj/InfoPlist.strings; sourceTree = "<group>"; };
/* End PBXFileReference section */

/* Begin PBXFrameworksBuildPhase section */
		C03D63D3188513D5003DBA30 /* Frameworks */ = {
			isa = PBXFrameworksBuildPhase;
			buildActionMask = 2147483647;
			files = (
				C03D63DC188513D5003DBA30 /* CoreGraphics.framework in Frameworks */,
				C03D63DE188513D5003DBA30 /* UIKit.framework in Frameworks */,
				C03D63DA188513D5003DBA30 /* Foundation.framework in Frameworks */,
			);
			runOnlyForDeploymentPostprocessing = 0;
		};
		C03D63F4188513D5003DBA30 /* Frameworks */ = {
			isa = PBXFrameworksBuildPhase;
			buildActionMask = 2147483647;
			files = (
				C03D63F9188513D5003DBA30 /* XCTest.framework in Frameworks */,
				C03D63FB188513D5003DBA30 /* UIKit.framework in Frameworks */,
				C03D63FA188513D5003DBA30 /* Foundation.framework in Frameworks */,
			);
			runOnlyForDeploymentPostprocessing = 0;
		};
/* End PBXFrameworksBuildPhase section */

/* Begin PBXGroup section */
		C03D63CD188513D5003DBA30 = {
			isa = PBXGroup;
			children = (
				C03D63DF188513D5003DBA30 /* YardToMeter */,
				C03D63FE188513D5003DBA30 /* YardToMeterTests */,
				C03D63D8188513D5003DBA30 /* Frameworks */,
				C03D63D7188513D5003DBA30 /* Products */,
			);
			sourceTree = "<group>";
		};
		C03D63D7188513D5003DBA30 /* Products */ = {
			isa = PBXGroup;
			children = (
				C03D63D6188513D5003DBA30 /* YardToMeter.app */,
				C03D63F7188513D5003DBA30 /* YardToMeterTests.xctest */,
			);
			name = Products;
			sourceTree = "<group>";
		};
		C03D63D8188513D5003DBA30 /* Frameworks */ = {
			isa = PBXGroup;
			children = (
				C03D63D9188513D5003DBA30 /* Foundation.framework */,
				C03D63DB188513D5003DBA30 /* CoreGraphics.framework */,
				C03D63DD188513D5003DBA30 /* UIKit.framework */,
				C03D63F8188513D5003DBA30 /* XCTest.framework */,
			);
			name = Frameworks;
			sourceTree = "<group>";
		};
		C03D63DF188513D5003DBA30 /* YardToMeter */ = {
			isa = PBXGroup;
			children = (
				C03D641A18851FDA003DBA30 /* JVFloatLabeledTextField */,
				C03D640E188516F2003DBA30 /* SVProgressHUD */,
				C03D63E8188513D5003DBA30 /* AppDelegate.h */,
				C03D63E9188513D5003DBA30 /* AppDelegate.m */,
				C03D63EB188513D5003DBA30 /* Main.storyboard */,
				C03D63EE188513D5003DBA30 /* ViewController.h */,
				C03D63EF188513D5003DBA30 /* ViewController.m */,
				C069CC34188918B5004EE0B1 /* SecondViewController.h */,
				C069CC35188918B5004EE0B1 /* SecondViewController.m */,
				C03D63F1188513D5003DBA30 /* Images.xcassets */,
				C0C5C563188624F900553B81 /* Localizable.strings */,
				C03D63E0188513D5003DBA30 /* Supporting Files */,
			);
			path = YardToMeter;
			sourceTree = "<group>";
		};
		C03D63E0188513D5003DBA30 /* Supporting Files */ = {
			isa = PBXGroup;
			children = (
				C03D63E1188513D5003DBA30 /* YardToMeter-Info.plist */,
				C03D63E2188513D5003DBA30 /* InfoPlist.strings */,
				C03D63E5188513D5003DBA30 /* main.m */,
				C03D63E7188513D5003DBA30 /* YardToMeter-Prefix.pch */,
			);
			name = "Supporting Files";
			sourceTree = "<group>";
		};
		C03D63FE188513D5003DBA30 /* YardToMeterTests */ = {
			isa = PBXGroup;
			children = (
				C03D6404188513D5003DBA30 /* YardToMeterTests.m */,
				C03D63FF188513D5003DBA30 /* Supporting Files */,
			);
			path = YardToMeterTests;
			sourceTree = "<group>";
		};
		C03D63FF188513D5003DBA30 /* Supporting Files */ = {
			isa = PBXGroup;
			children = (
				C03D6400188513D5003DBA30 /* YardToMeterTests-Info.plist */,
				C03D6401188513D5003DBA30 /* InfoPlist.strings */,
			);
			name = "Supporting Files";
			sourceTree = "<group>";
		};
		C03D640E188516F2003DBA30 /* SVProgressHUD */ = {
			isa = PBXGroup;
			children = (
				C03D640F188516F2003DBA30 /* SVProgressHUD.bundle */,
				C03D6410188516F2003DBA30 /* SVProgressHUD.h */,
				C03D6411188516F2003DBA30 /* SVProgressHUD.m */,
			);
			path = SVProgressHUD;
			sourceTree = "<group>";
		};
		C03D641A18851FDA003DBA30 /* JVFloatLabeledTextField */ = {
			isa = PBXGroup;
			children = (
				C03D641B18851FDA003DBA30 /* JVFloatLabeledTextField.h */,
				C03D641C18851FDA003DBA30 /* JVFloatLabeledTextField.m */,
			);
			path = JVFloatLabeledTextField;
			sourceTree = "<group>";
		};
/* End PBXGroup section */

/* Begin PBXNativeTarget section */
		C03D63D5188513D5003DBA30 /* YardToMeter */ = {
			isa = PBXNativeTarget;
			buildConfigurationList = C03D6408188513D5003DBA30 /* Build configuration list for PBXNativeTarget "YardToMeter" */;
			buildPhases = (
				C03D63D2188513D5003DBA30 /* Sources */,
				C03D63D3188513D5003DBA30 /* Frameworks */,
				C03D63D4188513D5003DBA30 /* Resources */,
			);
			buildRules = (
			);
			dependencies = (
			);
			name = YardToMeter;
			productName = YardToMeter;
			productReference = C03D63D6188513D5003DBA30 /* YardToMeter.app */;
			productType = "com.apple.product-type.application";
		};
		C03D63F6188513D5003DBA30 /* YardToMeterTests */ = {
			isa = PBXNativeTarget;
			buildConfigurationList = C03D640B188513D5003DBA30 /* Build configuration list for PBXNativeTarget "YardToMeterTests" */;
			buildPhases = (
				C03D63F3188513D5003DBA30 /* Sources */,
				C03D63F4188513D5003DBA30 /* Frameworks */,
				C03D63F5188513D5003DBA30 /* Resources */,
			);
			buildRules = (
			);
			dependencies = (
				C03D63FD188513D5003DBA30 /* PBXTargetDependency */,
			);
			name = YardToMeterTests;
			productName = YardToMeterTests;
			productReference = C03D63F7188513D5003DBA30 /* YardToMeterTests.xctest */;
			productType = "com.apple.product-type.bundle.unit-test";
		};
/* End PBXNativeTarget section */

/* Begin PBXProject section */
		C03D63CE188513D5003DBA30 /* Project object */ = {
			isa = PBXProject;
			attributes = {
				LastUpgradeCheck = 0500;
				ORGANIZATIONNAME = Dunkey;
				TargetAttributes = {
					C03D63F6188513D5003DBA30 = {
						TestTargetID = C03D63D5188513D5003DBA30;
					};
				};
			};
			buildConfigurationList = C03D63D1188513D5003DBA30 /* Build configuration list for PBXProject "YardToMeter" */;
			compatibilityVersion = "Xcode 3.2";
			developmentRegion = English;
			hasScannedForEncodings = 0;
			knownRegions = (
				en,
				Base,
				ja,
				ko,
			);
			mainGroup = C03D63CD188513D5003DBA30;
			productRefGroup = C03D63D7188513D5003DBA30 /* Products */;
			projectDirPath = "";
			projectRoot = "";
			targets = (
				C03D63D5188513D5003DBA30 /* YardToMeter */,
				C03D63F6188513D5003DBA30 /* YardToMeterTests */,
			);
		};
/* End PBXProject section */

/* Begin PBXResourcesBuildPhase section */
		C03D63D4188513D5003DBA30 /* Resources */ = {
			isa = PBXResourcesBuildPhase;
			buildActionMask = 2147483647;
			files = (
				C0C5C561188624F900553B81 /* Localizable.strings in Resources */,
				C03D63F2188513D5003DBA30 /* Images.xcassets in Resources */,
				C03D63E4188513D5003DBA30 /* InfoPlist.strings in Resources */,
				C03D63ED188513D5003DBA30 /* Main.storyboard in Resources */,
				C03D6412188516F2003DBA30 /* SVProgressHUD.bundle in Resources */,
			);
			runOnlyForDeploymentPostprocessing = 0;
		};
		C03D63F5188513D5003DBA30 /* Resources */ = {
			isa = PBXResourcesBuildPhase;
			buildActionMask = 2147483647;
			files = (
				C03D6403188513D5003DBA30 /* InfoPlist.strings in Resources */,
			);
			runOnlyForDeploymentPostprocessing = 0;
		};
/* End PBXResourcesBuildPhase section */

/* Begin PBXSourcesBuildPhase section */
		C03D63D2188513D5003DBA30 /* Sources */ = {
			isa = PBXSourcesBuildPhase;
			buildActionMask = 2147483647;
			files = (
				C069CC36188918B5004EE0B1 /* SecondViewController.m in Sources */,
				C03D63F0188513D5003DBA30 /* ViewController.m in Sources */,
				C03D6413188516F2003DBA30 /* SVProgressHUD.m in Sources */,
				C03D63EA188513D5003DBA30 /* AppDelegate.m in Sources */,
				C03D641D18851FDA003DBA30 /* JVFloatLabeledTextField.m in Sources */,
				C03D63E6188513D5003DBA30 /* main.m in Sources */,
			);
			runOnlyForDeploymentPostprocessing = 0;
		};
		C03D63F3188513D5003DBA30 /* Sources */ = {
			isa = PBXSourcesBuildPhase;
			buildActionMask = 2147483647;
			files = (
				C03D6405188513D5003DBA30 /* YardToMeterTests.m in Sources */,
			);
			runOnlyForDeploymentPostprocessing = 0;
		};
/* End PBXSourcesBuildPhase section */

/* Begin PBXTargetDependency section */
		C03D63FD188513D5003DBA30 /* PBXTargetDependency */ = {
			isa = PBXTargetDependency;
			target = C03D63D5188513D5003DBA30 /* YardToMeter */;
			targetProxy = C03D63FC188513D5003DBA30 /* PBXContainerItemProxy */;
		};
/* End PBXTargetDependency section */

/* Begin PBXVariantGroup section */
		C03D63E2188513D5003DBA30 /* InfoPlist.strings */ = {
			isa = PBXVariantGroup;
			children = (
				C03D63E3188513D5003DBA30 /* en */,
				C0C5C5661886251B00553B81 /* ja */,
				C0C5C56918862B4400553B81 /* ko */,
			);
			name = InfoPlist.strings;
			sourceTree = "<group>";
		};
		C03D63EB188513D5003DBA30 /* Main.storyboard */ = {
			isa = PBXVariantGroup;
			children = (
				C03D63EC188513D5003DBA30 /* Base */,
			);
			name = Main.storyboard;
			sourceTree = "<group>";
		};
		C03D6401188513D5003DBA30 /* InfoPlist.strings */ = {
			isa = PBXVariantGroup;
			children = (
				C03D6402188513D5003DBA30 /* en */,
				C0C5C5671886251B00553B81 /* ja */,
				C0C5C56A18862B4400553B81 /* ko */,
			);
			name = InfoPlist.strings;
			sourceTree = "<group>";
		};
		C0C5C563188624F900553B81 /* Localizable.strings */ = {
			isa = PBXVariantGroup;
			children = (
				C0C5C562188624F900553B81 /* Base */,
				C0C5C564188624FE00553B81 /* en */,
				C0C5C5651886251B00553B81 /* ja */,
				C0C5C56818862B4400553B81 /* ko */,
			);
			name = Localizable.strings;
			sourceTree = "<group>";
		};
/* End PBXVariantGroup section */

/* Begin XCBuildConfiguration section */
		C03D6406188513D5003DBA30 /* Debug */ = {
			isa = XCBuildConfiguration;
			buildSettings = {
				ALWAYS_SEARCH_USER_PATHS = NO;
				ARCHS = "$(ARCHS_STANDARD_INCLUDING_64_BIT)";
				CLANG_CXX_LANGUAGE_STANDARD = "gnu++0x";
				CLANG_CXX_LIBRARY = "libc++";
				CLANG_ENABLE_MODULES = YES;
				CLANG_ENABLE_OBJC_ARC = YES;
				CLANG_WARN_BOOL_CONVERSION = YES;
				CLANG_WARN_CONSTANT_CONVERSION = YES;
				CLANG_WARN_DIRECT_OBJC_ISA_USAGE = YES_ERROR;
				CLANG_WARN_EMPTY_BODY = YES;
				CLANG_WARN_ENUM_CONVERSION = YES;
				CLANG_WARN_INT_CONVERSION = YES;
				CLANG_WARN_OBJC_ROOT_CLASS = YES_ERROR;
				CLANG_WARN__DUPLICATE_METHOD_MATCH = YES;
				"CODE_SIGN_IDENTITY[sdk=iphoneos*]" = "iPhone Developer";
				COPY_PHASE_STRIP = NO;
				GCC_C_LANGUAGE_STANDARD = gnu99;
				GCC_DYNAMIC_NO_PIC = NO;
				GCC_OPTIMIZATION_LEVEL = 0;
				GCC_PREPROCESSOR_DEFINITIONS = (
					"DEBUG=1",
					"$(inherited)",
				);
				GCC_SYMBOLS_PRIVATE_EXTERN = NO;
				GCC_WARN_64_TO_32_BIT_CONVERSION = YES;
				GCC_WARN_ABOUT_RETURN_TYPE = YES_ERROR;
				GCC_WARN_UNDECLARED_SELECTOR = YES;
				GCC_WARN_UNINITIALIZED_AUTOS = YES;
				GCC_WARN_UNUSED_FUNCTION = YES;
				GCC_WARN_UNUSED_VARIABLE = YES;
				IPHONEOS_DEPLOYMENT_TARGET = 7.0;
				ONLY_ACTIVE_ARCH = YES;
				SDKROOT = iphoneos;
			};
			name = Debug;
		};
		C03D6407188513D5003DBA30 /* Release */ = {
			isa = XCBuildConfiguration;
			buildSettings = {
				ALWAYS_SEARCH_USER_PATHS = NO;
				ARCHS = "$(ARCHS_STANDARD_INCLUDING_64_BIT)";
				CLANG_CXX_LANGUAGE_STANDARD = "gnu++0x";
				CLANG_CXX_LIBRARY = "libc++";
				CLANG_ENABLE_MODULES = YES;
				CLANG_ENABLE_OBJC_ARC = YES;
				CLANG_WARN_BOOL_CONVERSION = YES;
				CLANG_WARN_CONSTANT_CONVERSION = YES;
				CLANG_WARN_DIRECT_OBJC_ISA_USAGE = YES_ERROR;
				CLANG_WARN_EMPTY_BODY = YES;
				CLANG_WARN_ENUM_CONVERSION = YES;
				CLANG_WARN_INT_CONVERSION = YES;
				CLANG_WARN_OBJC_ROOT_CLASS = YES_ERROR;
				CLANG_WARN__DUPLICATE_METHOD_MATCH = YES;
				"CODE_SIGN_IDENTITY[sdk=iphoneos*]" = "iPhone Developer";
				COPY_PHASE_STRIP = YES;
				ENABLE_NS_ASSERTIONS = NO;
				GCC_C_LANGUAGE_STANDARD = gnu99;
				GCC_WARN_64_TO_32_BIT_CONVERSION = YES;
				GCC_WARN_ABOUT_RETURN_TYPE = YES_ERROR;
				GCC_WARN_UNDECLARED_SELECTOR = YES;
				GCC_WARN_UNINITIALIZED_AUTOS = YES;
				GCC_WARN_UNUSED_FUNCTION = YES;
				GCC_WARN_UNUSED_VARIABLE = YES;
				IPHONEOS_DEPLOYMENT_TARGET = 7.0;
				SDKROOT = iphoneos;
				VALIDATE_PRODUCT = YES;
			};
			name = Release;
		};
		C03D6409188513D5003DBA30 /* Debug */ = {
			isa = XCBuildConfiguration;
			buildSettings = {
				ASSETCATALOG_COMPILER_APPICON_NAME = AppIcon;
				ASSETCATALOG_COMPILER_LAUNCHIMAGE_NAME = LaunchImage;
				GCC_PRECOMPILE_PREFIX_HEADER = YES;
				GCC_PREFIX_HEADER = "YardToMeter/YardToMeter-Prefix.pch";
				INFOPLIST_FILE = "YardToMeter/YardToMeter-Info.plist";
				PRODUCT_NAME = "$(TARGET_NAME)";
				WRAPPER_EXTENSION = app;
			};
			name = Debug;
		};
		C03D640A188513D5003DBA30 /* Release */ = {
			isa = XCBuildConfiguration;
			buildSettings = {
				ASSETCATALOG_COMPILER_APPICON_NAME = AppIcon;
				ASSETCATALOG_COMPILER_LAUNCHIMAGE_NAME = LaunchImage;
				GCC_PRECOMPILE_PREFIX_HEADER = YES;
				GCC_PREFIX_HEADER = "YardToMeter/YardToMeter-Prefix.pch";
				INFOPLIST_FILE = "YardToMeter/YardToMeter-Info.plist";
				PRODUCT_NAME = "$(TARGET_NAME)";
				WRAPPER_EXTENSION = app;
			};
			name = Release;
		};
		C03D640C188513D5003DBA30 /* Debug */ = {
			isa = XCBuildConfiguration;
			buildSettings = {
				ARCHS = "$(ARCHS_STANDARD_INCLUDING_64_BIT)";
				BUNDLE_LOADER = "$(BUILT_PRODUCTS_DIR)/YardToMeter.app/YardToMeter";
				FRAMEWORK_SEARCH_PATHS = (
					"$(SDKROOT)/Developer/Library/Frameworks",
					"$(inherited)",
					"$(DEVELOPER_FRAMEWORKS_DIR)",
				);
				GCC_PRECOMPILE_PREFIX_HEADER = YES;
				GCC_PREFIX_HEADER = "YardToMeter/YardToMeter-Prefix.pch";
				GCC_PREPROCESSOR_DEFINITIONS = (
					"DEBUG=1",
					"$(inherited)",
				);
				INFOPLIST_FILE = "YardToMeterTests/YardToMeterTests-Info.plist";
				PRODUCT_NAME = "$(TARGET_NAME)";
				TEST_HOST = "$(BUNDLE_LOADER)";
				WRAPPER_EXTENSION = xctest;
			};
			name = Debug;
		};
		C03D640D188513D5003DBA30 /* Release */ = {
			isa = XCBuildConfiguration;
			buildSettings = {
				ARCHS = "$(ARCHS_STANDARD_INCLUDING_64_BIT)";
				BUNDLE_LOADER = "$(BUILT_PRODUCTS_DIR)/YardToMeter.app/YardToMeter";
				FRAMEWORK_SEARCH_PATHS = (
					"$(SDKROOT)/Developer/Library/Frameworks",
					"$(inherited)",
					"$(DEVELOPER_FRAMEWORKS_DIR)",
				);
				GCC_PRECOMPILE_PREFIX_HEADER = YES;
				GCC_PREFIX_HEADER = "YardToMeter/YardToMeter-Prefix.pch";
				INFOPLIST_FILE = "YardToMeterTests/YardToMeterTests-Info.plist";
				PRODUCT_NAME = "$(TARGET_NAME)";
				TEST_HOST = "$(BUNDLE_LOADER)";
				WRAPPER_EXTENSION = xctest;
			};
			name = Release;
		};
/* End XCBuildConfiguration section */

/* Begin XCConfigurationList section */
		C03D63D1188513D5003DBA30 /* Build configuration list for PBXProject "YardToMeter" */ = {
			isa = XCConfigurationList;
			buildConfigurations = (
				C03D6406188513D5003DBA30 /* Debug */,
				C03D6407188513D5003DBA30 /* Release */,
			);
			defaultConfigurationIsVisible = 0;
			defaultConfigurationName = Release;
		};
		C03D6408188513D5003DBA30 /* Build configuration list for PBXNativeTarget "YardToMeter" */ = {
			isa = XCConfigurationList;
			buildConfigurations = (
				C03D6409188513D5003DBA30 /* Debug */,
				C03D640A188513D5003DBA30 /* Release */,
			);
			defaultConfigurationIsVisible = 0;
			defaultConfigurationName = Release;
		};
		C03D640B188513D5003DBA30 /* Build configuration list for PBXNativeTarget "YardToMeterTests" */ = {
			isa = XCConfigurationList;
			buildConfigurations = (
				C03D640C188513D5003DBA30 /* Debug */,
				C03D640D188513D5003DBA30 /* Release */,
			);
			defaultConfigurationIsVisible = 0;
			defaultConfigurationName = Release;
		};
/* End XCConfigurationList section */
	};
	rootObject = C03D63CE188513D5003DBA30 /* Project object */;
}
